
Microsoft Visual Studio Solution File, Format Version 12.00
Project("{FAE04EC0-301F-11D3-BF4B-00C04F79EFBC}") = "Backend", "Backend\Backend.csproj", "{AE974822-B24B-409F-989F-5159B9419DD4}"
EndProject
Project("{FAE04EC0-301F-11D3-BF4B-00C04F79EFBC}") = "SignalR", "SignalR\SignalR.csproj", "{A12CAACE-CC90-49B6-BC6C-44D65B784114}"
EndProject
Project("{FAE04EC0-301F-11D3-BF4B-00C04F79EFBC}") = "DatabaseRepository", "DatabaseRepository\DatabaseRepository.csproj", "{410210D8-79AE-4563-8CF6-495CB3B66E1A}"
EndProject
Project("{FAE04EC0-301F-11D3-BF4B-00C04F79EFBC}") = "BackendRepository", "BackendRepository\BackendRepository.csproj", "{1971D970-B881-4673-BF36-73D37FA8666B}"
EndProject
Global
	GlobalSection(SolutionConfigurationPlatforms) = preSolution
		Debug|Any CPU = Debug|Any CPU
		Release|Any CPU = Release|Any CPU
	EndGlobalSection
	GlobalSection(ProjectConfigurationPlatforms) = postSolution
		{AE974822-B24B-409F-989F-5159B9419DD4}.Debug|Any CPU.ActiveCfg = Debug|Any CPU
		{AE974822-B24B-409F-989F-5159B9419DD4}.Debug|Any CPU.Build.0 = Debug|Any CPU
		{AE974822-B24B-409F-989F-5159B9419DD4}.Release|Any CPU.ActiveCfg = Release|Any CPU
		{AE974822-B24B-409F-989F-5159B9419DD4}.Release|Any CPU.Build.0 = Release|Any CPU
		{A12CAACE-CC90-49B6-BC6C-44D65B784114}.Debug|Any CPU.ActiveCfg = Debug|Any CPU
		{A12CAACE-CC90-49B6-BC6C-44D65B784114}.Debug|Any CPU.Build.0 = Debug|Any CPU
		{A12CAACE-CC90-49B6-BC6C-44D65B784114}.Release|Any CPU.ActiveCfg = Release|Any CPU
		{A12CAACE-CC90-49B6-BC6C-44D65B784114}.Release|Any CPU.Build.0 = Release|Any CPU
		{410210D8-79AE-4563-8CF6-495CB3B66E1A}.Debug|Any CPU.ActiveCfg = Debug|Any CPU
		{410210D8-79AE-4563-8CF6-495CB3B66E1A}.Debug|Any CPU.Build.0 = Debug|Any CPU
		{410210D8-79AE-4563-8CF6-495CB3B66E1A}.Release|Any CPU.ActiveCfg = Release|Any CPU
		{410210D8-79AE-4563-8CF6-495CB3B66E1A}.Release|Any CPU.Build.0 = Release|Any CPU
		{1971D970-B881-4673-BF36-73D37FA8666B}.Debug|Any CPU.ActiveCfg = Debug|Any CPU
		{1971D970-B881-4673-BF36-73D37FA8666B}.Debug|Any CPU.Build.0 = Debug|Any CPU
		{1971D970-B881-4673-BF36-73D37FA8666B}.Release|Any CPU.ActiveCfg = Release|Any CPU
		{1971D970-B881-4673-BF36-73D37FA8666B}.Release|Any CPU.Build.0 = Release|Any CPU
	EndGlobalSection
EndGlobal
